
Microsoft Visual Studio Solution File, Format Version 12.00
# Visual Studio Version 16
VisualStudioVersion = 16.0.31702.278
MinimumVisualStudioVersion = 10.0.40219.1
Project("{FAE04EC0-301F-11D3-BF4B-00C04F79EFBC}") = "ApiCatalogoJogos", "ApiCatalogoJogos\ApiCatalogoJogos.csproj", "{CEA97C25-EAB8-4BD9-A795-2DCC3CCC67F9}"
EndProject
Global
	GlobalSection(SolutionConfigurationPlatforms) = preSolution
		Debug|Any CPU = Debug|Any CPU
		Release|Any CPU = Release|Any CPU
	EndGlobalSection
	GlobalSection(ProjectConfigurationPlatforms) = postSolution
		{CEA97C25-EAB8-4BD9-A795-2DCC3CCC67F9}.Debug|Any CPU.ActiveCfg = Debug|Any CPU
		{CEA97C25-EAB8-4BD9-A795-2DCC3CCC67F9}.Debug|Any CPU.Build.0 = Debug|Any CPU
		{CEA97C25-EAB8-4BD9-A795-2DCC3CCC67F9}.Release|Any CPU.ActiveCfg = Release|Any CPU
		{CEA97C25-EAB8-4BD9-A795-2DCC3CCC67F9}.Release|Any CPU.Build.0 = Release|Any CPU
	EndGlobalSection
	GlobalSection(SolutionProperties) = preSolution
		HideSolutionNode = FALSE
	EndGlobalSection
	GlobalSection(ExtensibilityGlobals) = postSolution
		SolutionGuid = {8B92C6C6-05EB-4A58-A574-119BAAC349EC}
	EndGlobalSection
EndGlobal
